
Microsoft Visual Studio Solution File, Format Version 12.00
# Visual Studio Version 17
VisualStudioVersion = 17.2.32519.379
MinimumVisualStudioVersion = 10.0.40219.1
Project("{FAE04EC0-301F-11D3-BF4B-00C04F79EFBC}") = "e-Tikets", "e-Tikets\e-Tikets.csproj", "{7666AFD4-BDE7-4586-82D4-72F3BAE38E0B}"
EndProject
Global
	GlobalSection(SolutionConfigurationPlatforms) = preSolution
		Debug|Any CPU = Debug|Any CPU
		Release|Any CPU = Release|Any CPU
	EndGlobalSection
	GlobalSection(ProjectConfigurationPlatforms) = postSolution
		{7666AFD4-BDE7-4586-82D4-72F3BAE38E0B}.Debug|Any CPU.ActiveCfg = Debug|Any CPU
		{7666AFD4-BDE7-4586-82D4-72F3BAE38E0B}.Debug|Any CPU.Build.0 = Debug|Any CPU
		{7666AFD4-BDE7-4586-82D4-72F3BAE38E0B}.Release|Any CPU.ActiveCfg = Release|Any CPU
		{7666AFD4-BDE7-4586-82D4-72F3BAE38E0B}.Release|Any CPU.Build.0 = Release|Any CPU
	EndGlobalSection
	GlobalSection(SolutionProperties) = preSolution
		HideSolutionNode = FALSE
	EndGlobalSection
	GlobalSection(ExtensibilityGlobals) = postSolution
		SolutionGuid = {843AE3B4-CC8B-4E87-9510-75E28B29704B}
	EndGlobalSection
EndGlobal
